
Microsoft Visual Studio Solution File, Format Version 12.00
# Visual Studio Version 17
VisualStudioVersion = 17.11.35219.272
MinimumVisualStudioVersion = 10.0.40219.1
Project("{2150E333-8FDC-42A3-9474-1A3956D46DE8}") = "Core", "Core", "{F47FBD50-7AB6-4FB3-AB5C-CFA6D5BC511B}"
EndProject
Project("{2150E333-8FDC-42A3-9474-1A3956D46DE8}") = "Infrastructure", "Infrastructure", "{4E148137-AEAC-49D0-9041-E4C874D60CCC}"
EndProject
Project("{2150E333-8FDC-42A3-9474-1A3956D46DE8}") = "Presentation", "Presentation", "{58D5BD75-A0DB-45E8-AAC5-88B2B88D552B}"
EndProject
Project("{9A19103F-16F7-4668-BE54-9A1E7A4F7556}") = "BlazorWebApp.Domain", "BlazorWebApp.Domain\BlazorWebApp.Domain.csproj", "{494F23D8-153C-42EF-9EE8-912BB2BFDC1D}"
EndProject
Project("{9A19103F-16F7-4668-BE54-9A1E7A4F7556}") = "BlazorWebApp.Application", "BlazorWebApp.Application\BlazorWebApp.Application.csproj", "{5D1658E2-0DD8-4483-9167-FC06045D842A}"
EndProject
Project("{9A19103F-16F7-4668-BE54-9A1E7A4F7556}") = "BlazorWebApp.Persistence", "BlazorWebApp.Persistence\BlazorWebApp.Persistence.csproj", "{CE279A23-734B-47D2-BEAE-8B80E21A6577}"
EndProject
Project("{9A19103F-16F7-4668-BE54-9A1E7A4F7556}") = "BlazorWebApp.WebUI", "BlazorWebApp\BlazorWebApp.WebUI.csproj", "{8D528E00-5E78-499A-BB5B-C444E144129A}"
EndProject
Global
	GlobalSection(SolutionConfigurationPlatforms) = preSolution
		Debug|Any CPU = Debug|Any CPU
		Release|Any CPU = Release|Any CPU
	EndGlobalSection
	GlobalSection(ProjectConfigurationPlatforms) = postSolution
		{494F23D8-153C-42EF-9EE8-912BB2BFDC1D}.Debug|Any CPU.ActiveCfg = Debug|Any CPU
		{494F23D8-153C-42EF-9EE8-912BB2BFDC1D}.Debug|Any CPU.Build.0 = Debug|Any CPU
		{494F23D8-153C-42EF-9EE8-912BB2BFDC1D}.Release|Any CPU.ActiveCfg = Release|Any CPU
		{494F23D8-153C-42EF-9EE8-912BB2BFDC1D}.Release|Any CPU.Build.0 = Release|Any CPU
		{5D1658E2-0DD8-4483-9167-FC06045D842A}.Debug|Any CPU.ActiveCfg = Debug|Any CPU
		{5D1658E2-0DD8-4483-9167-FC06045D842A}.Debug|Any CPU.Build.0 = Debug|Any CPU
		{5D1658E2-0DD8-4483-9167-FC06045D842A}.Release|Any CPU.ActiveCfg = Release|Any CPU
		{5D1658E2-0DD8-4483-9167-FC06045D842A}.Release|Any CPU.Build.0 = Release|Any CPU
		{CE279A23-734B-47D2-BEAE-8B80E21A6577}.Debug|Any CPU.ActiveCfg = Debug|Any CPU
		{CE279A23-734B-47D2-BEAE-8B80E21A6577}.Debug|Any CPU.Build.0 = Debug|Any CPU
		{CE279A23-734B-47D2-BEAE-8B80E21A6577}.Release|Any CPU.ActiveCfg = Release|Any CPU
		{CE279A23-734B-47D2-BEAE-8B80E21A6577}.Release|Any CPU.Build.0 = Release|Any CPU
		{8D528E00-5E78-499A-BB5B-C444E144129A}.Debug|Any CPU.ActiveCfg = Debug|Any CPU
		{8D528E00-5E78-499A-BB5B-C444E144129A}.Debug|Any CPU.Build.0 = Debug|Any CPU
		{8D528E00-5E78-499A-BB5B-C444E144129A}.Release|Any CPU.ActiveCfg = Release|Any CPU
		{8D528E00-5E78-499A-BB5B-C444E144129A}.Release|Any CPU.Build.0 = Release|Any CPU
	EndGlobalSection
	GlobalSection(SolutionProperties) = preSolution
		HideSolutionNode = FALSE
	EndGlobalSection
	GlobalSection(NestedProjects) = preSolution
		{494F23D8-153C-42EF-9EE8-912BB2BFDC1D} = {F47FBD50-7AB6-4FB3-AB5C-CFA6D5BC511B}
		{5D1658E2-0DD8-4483-9167-FC06045D842A} = {F47FBD50-7AB6-4FB3-AB5C-CFA6D5BC511B}
		{CE279A23-734B-47D2-BEAE-8B80E21A6577} = {4E148137-AEAC-49D0-9041-E4C874D60CCC}
		{8D528E00-5E78-499A-BB5B-C444E144129A} = {58D5BD75-A0DB-45E8-AAC5-88B2B88D552B}
	EndGlobalSection
	GlobalSection(ExtensibilityGlobals) = postSolution
		SolutionGuid = {285C740F-FEF2-4888-AEDD-6FFA735A2F9A}
	EndGlobalSection
EndGlobal
